
Microsoft Visual Studio Solution File, Format Version 12.00
# Visual Studio Version 17
VisualStudioVersion = 17.10.34928.147
MinimumVisualStudioVersion = 10.0.40219.1
Project("{FAE04EC0-301F-11D3-BF4B-00C04F79EFBC}") = "ParserOfdRu", "OfdRuErrorParser\OfdRuErrorParser.csproj", "{76041E98-8EF1-4A9D-B219-4D86696C8861}"
EndProject
Global
	GlobalSection(SolutionConfigurationPlatforms) = preSolution
		Debug|Any CPU = Debug|Any CPU
		Release|Any CPU = Release|Any CPU
	EndGlobalSection
	GlobalSection(ProjectConfigurationPlatforms) = postSolution
		{76041E98-8EF1-4A9D-B219-4D86696C8861}.Debug|Any CPU.ActiveCfg = Debug|Any CPU
		{76041E98-8EF1-4A9D-B219-4D86696C8861}.Debug|Any CPU.Build.0 = Debug|Any CPU
		{76041E98-8EF1-4A9D-B219-4D86696C8861}.Release|Any CPU.ActiveCfg = Release|Any CPU
		{76041E98-8EF1-4A9D-B219-4D86696C8861}.Release|Any CPU.Build.0 = Release|Any CPU
	EndGlobalSection
	GlobalSection(SolutionProperties) = preSolution
		HideSolutionNode = FALSE
	EndGlobalSection
	GlobalSection(ExtensibilityGlobals) = postSolution
		SolutionGuid = {FED1FD71-A00D-42EE-B4C2-2A18FFBB7440}
	EndGlobalSection
EndGlobal
